// !$*UTF8*$!
{
	archiveVersion = 1;
	classes = {
	};
	objectVersion = 46;
	objects = {

/* Begin PBXBuildFile section */
		22922AD30F38D67900B1EFEA /* commonsyms.c in Sources */ = {isa = PBXBuildFile; fileRef = 22922AD20F38D67900B1EFEA /* commonsyms.c */; };
		22CF115E0EE9A6F40054F513 /* jsusfx_max.cpp in Sources */ = {isa = PBXBuildFile; fileRef = 22CF115D0EE9A6F40054F513 /* jsusfx_max.cpp */; };
		22CF116E0EE9A7700054F513 /* MaxAudioAPI.framework in Frameworks */ = {isa = PBXBuildFile; fileRef = 22CF116D0EE9A7700054F513 /* MaxAudioAPI.framework */; };
		385AA8A4198685B8004F4164 /* fft.c in Sources */ = {isa = PBXBuildFile; fileRef = 385AA8A3198685B8004F4164 /* fft.c */; };
		385AA8AC198685C8004F4164 /* nseel-caltab.c in Sources */ = {isa = PBXBuildFile; fileRef = 385AA8A5198685C8004F4164 /* nseel-caltab.c */; };
		385AA8AD198685C8004F4164 /* nseel-cfunc.c in Sources */ = {isa = PBXBuildFile; fileRef = 385AA8A6198685C8004F4164 /* nseel-cfunc.c */; };
		385AA8AE198685C8004F4164 /* nseel-compiler.c in Sources */ = {isa = PBXBuildFile; fileRef = 385AA8A7198685C8004F4164 /* nseel-compiler.c */; };
		385AA8AF198685C8004F4164 /* nseel-eval.c in Sources */ = {isa = PBXBuildFile; fileRef = 385AA8A8198685C8004F4164 /* nseel-eval.c */; };
		385AA8B0198685C8004F4164 /* nseel-lextab.c in Sources */ = {isa = PBXBuildFile; fileRef = 385AA8A9198685C8004F4164 /* nseel-lextab.c */; };
		385AA8B1198685C8004F4164 /* nseel-ram.c in Sources */ = {isa = PBXBuildFile; fileRef = 385AA8AA198685C8004F4164 /* nseel-ram.c */; };
		385AA8B2198685C8004F4164 /* nseel-yylex.c in Sources */ = {isa = PBXBuildFile; fileRef = 385AA8AB198685C8004F4164 /* nseel-yylex.c */; };
		385AA8B519868709004F4164 /* jsusfx.cpp in Sources */ = {isa = PBXBuildFile; fileRef = 385AA8B319868709004F4164 /* jsusfx.cpp */; };
		385AA8B619868709004F4164 /* jsusfx.h in Headers */ = {isa = PBXBuildFile; fileRef = 385AA8B419868709004F4164 /* jsusfx.h */; };
		385AA8B919889AFD004F4164 /* maxmspsdk.xcconfig in Resources */ = {isa = PBXBuildFile; fileRef = 22CF10220EE984600054F513 /* maxmspsdk.xcconfig */; };
/* End PBXBuildFile section */

/* Begin PBXFileReference section */
		22922AD20F38D67900B1EFEA /* commonsyms.c */ = {isa = PBXFileReference; fileEncoding = 4; lastKnownFileType = sourcecode.c.c; name = commonsyms.c; path = "../../MaxSDK-6.1.4/c74support/max-includes/common/commonsyms.c"; sourceTree = SOURCE_ROOT; };
		22CF10220EE984600054F513 /* maxmspsdk.xcconfig */ = {isa = PBXFileReference; fileEncoding = 4; lastKnownFileType = text.xcconfig; path = maxmspsdk.xcconfig; sourceTree = SOURCE_ROOT; };
		22CF115D0EE9A6F40054F513 /* jsusfx_max.cpp */ = {isa = PBXFileReference; fileEncoding = 4; lastKnownFileType = sourcecode.cpp.cpp; path = jsusfx_max.cpp; sourceTree = SOURCE_ROOT; };
		22CF116D0EE9A7700054F513 /* MaxAudioAPI.framework */ = {isa = PBXFileReference; lastKnownFileType = wrapper.framework; name = MaxAudioAPI.framework; path = "../../MaxSDK-6.1.4/c74support/msp-includes/MaxAudioAPI.framework"; sourceTree = SOURCE_ROOT; };
		2FBBEAE508F335360078DB84 /* jsusfx~.mxo */ = {isa = PBXFileReference; explicitFileType = wrapper.cfbundle; includeInIndex = 0; path = "jsusfx~.mxo"; sourceTree = BUILT_PRODUCTS_DIR; };
		385AA8A3198685B8004F4164 /* fft.c */ = {isa = PBXFileReference; fileEncoding = 4; lastKnownFileType = sourcecode.c.c; name = fft.c; path = ../WDL/fft.c; sourceTree = "<group>"; };
		385AA8A5198685C8004F4164 /* nseel-caltab.c */ = {isa = PBXFileReference; fileEncoding = 4; lastKnownFileType = sourcecode.c.c; name = "nseel-caltab.c"; path = "../WDL/eel2/nseel-caltab.c"; sourceTree = "<group>"; };
		385AA8A6198685C8004F4164 /* nseel-cfunc.c */ = {isa = PBXFileReference; fileEncoding = 4; lastKnownFileType = sourcecode.c.c; name = "nseel-cfunc.c"; path = "../WDL/eel2/nseel-cfunc.c"; sourceTree = "<group>"; };
		385AA8A7198685C8004F4164 /* nseel-compiler.c */ = {isa = PBXFileReference; fileEncoding = 4; lastKnownFileType = sourcecode.c.c; name = "nseel-compiler.c"; path = "../WDL/eel2/nseel-compiler.c"; sourceTree = "<group>"; };
		385AA8A8198685C8004F4164 /* nseel-eval.c */ = {isa = PBXFileReference; fileEncoding = 4; lastKnownFileType = sourcecode.c.c; name = "nseel-eval.c"; path = "../WDL/eel2/nseel-eval.c"; sourceTree = "<group>"; };
		385AA8A9198685C8004F4164 /* nseel-lextab.c */ = {isa = PBXFileReference; fileEncoding = 4; lastKnownFileType = sourcecode.c.c; name = "nseel-lextab.c"; path = "../WDL/eel2/nseel-lextab.c"; sourceTree = "<group>"; };
		385AA8AA198685C8004F4164 /* nseel-ram.c */ = {isa = PBXFileReference; fileEncoding = 4; lastKnownFileType = sourcecode.c.c; name = "nseel-ram.c"; path = "../WDL/eel2/nseel-ram.c"; sourceTree = "<group>"; };
		385AA8AB198685C8004F4164 /* nseel-yylex.c */ = {isa = PBXFileReference; fileEncoding = 4; lastKnownFileType = sourcecode.c.c; name = "nseel-yylex.c"; path = "../WDL/eel2/nseel-yylex.c"; sourceTree = "<group>"; };
		385AA8B319868709004F4164 /* jsusfx.cpp */ = {isa = PBXFileReference; fileEncoding = 4; lastKnownFileType = sourcecode.cpp.cpp; name = jsusfx.cpp; path = ../jsusfx.cpp; sourceTree = "<group>"; };
		385AA8B419868709004F4164 /* jsusfx.h */ = {isa = PBXFileReference; fileEncoding = 4; lastKnownFileType = sourcecode.c.h; name = jsusfx.h; path = ../jsusfx.h; sourceTree = "<group>"; };
/* End PBXFileReference section */

/* Begin PBXFrameworksBuildPhase section */
		2FBBEADC08F335360078DB84 /* Frameworks */ = {
			isa = PBXFrameworksBuildPhase;
			buildActionMask = 2147483647;
			files = (
				22CF116E0EE9A7700054F513 /* MaxAudioAPI.framework in Frameworks */,
			);
			runOnlyForDeploymentPostprocessing = 0;
		};
/* End PBXFrameworksBuildPhase section */

/* Begin PBXGroup section */
		089C166AFE841209C02AAC07 /* iterator */ = {
			isa = PBXGroup;
			children = (
				385AA8B319868709004F4164 /* jsusfx.cpp */,
				385AA8B419868709004F4164 /* jsusfx.h */,
				385AA8A21986858C004F4164 /* eel2 */,
				22CF10220EE984600054F513 /* maxmspsdk.xcconfig */,
				22922AD20F38D67900B1EFEA /* commonsyms.c */,
				22CF115D0EE9A6F40054F513 /* jsusfx_max.cpp */,
				22CF116D0EE9A7700054F513 /* MaxAudioAPI.framework */,
				19C28FB4FE9D528D11CA2CBB /* Products */,
			);
			name = iterator;
			sourceTree = "<group>";
		};
		19C28FB4FE9D528D11CA2CBB /* Products */ = {
			isa = PBXGroup;
			children = (
				2FBBEAE508F335360078DB84 /* jsusfx~.mxo */,
			);
			name = Products;
			sourceTree = "<group>";
		};
		385AA8A21986858C004F4164 /* eel2 */ = {
			isa = PBXGroup;
			children = (
				385AA8A5198685C8004F4164 /* nseel-caltab.c */,
				385AA8A6198685C8004F4164 /* nseel-cfunc.c */,
				385AA8A7198685C8004F4164 /* nseel-compiler.c */,
				385AA8A8198685C8004F4164 /* nseel-eval.c */,
				385AA8A9198685C8004F4164 /* nseel-lextab.c */,
				385AA8AA198685C8004F4164 /* nseel-ram.c */,
				385AA8AB198685C8004F4164 /* nseel-yylex.c */,
				385AA8A3198685B8004F4164 /* fft.c */,
			);
			name = eel2;
			sourceTree = "<group>";
		};
/* End PBXGroup section */

/* Begin PBXHeadersBuildPhase section */
		2FBBEAD708F335360078DB84 /* Headers */ = {
			isa = PBXHeadersBuildPhase;
			buildActionMask = 2147483647;
			files = (
				385AA8B619868709004F4164 /* jsusfx.h in Headers */,
			);
			runOnlyForDeploymentPostprocessing = 0;
		};
/* End PBXHeadersBuildPhase section */

/* Begin PBXNativeTarget section */
		2FBBEAD608F335360078DB84 /* max-external */ = {
			isa = PBXNativeTarget;
			buildConfigurationList = 2FBBEAE008F335360078DB84 /* Build configuration list for PBXNativeTarget "max-external" */;
			buildPhases = (
				2FBBEAD708F335360078DB84 /* Headers */,
				2FBBEAD808F335360078DB84 /* Resources */,
				2FBBEADA08F335360078DB84 /* Sources */,
				2FBBEADC08F335360078DB84 /* Frameworks */,
				2FBBEADF08F335360078DB84 /* Rez */,
			);
			buildRules = (
			);
			dependencies = (
			);
			name = "max-external";
			productName = iterator;
			productReference = 2FBBEAE508F335360078DB84 /* jsusfx~.mxo */;
			productType = "com.apple.product-type.bundle";
		};
/* End PBXNativeTarget section */

/* Begin PBXProject section */
		089C1669FE841209C02AAC07 /* Project object */ = {
			isa = PBXProject;
			attributes = {
				LastUpgradeCheck = 0460;
			};
			buildConfigurationList = 2FBBEACF08F335010078DB84 /* Build configuration list for PBXProject "jsusfx~" */;
			compatibilityVersion = "Xcode 3.2";
			developmentRegion = English;
			hasScannedForEncodings = 1;
			knownRegions = (
				en,
			);
			mainGroup = 089C166AFE841209C02AAC07 /* iterator */;
			projectDirPath = "";
			projectRoot = "";
			targets = (
				2FBBEAD608F335360078DB84 /* max-external */,
			);
		};
/* End PBXProject section */

/* Begin PBXResourcesBuildPhase section */
		2FBBEAD808F335360078DB84 /* Resources */ = {
			isa = PBXResourcesBuildPhase;
			buildActionMask = 2147483647;
			files = (
				385AA8B919889AFD004F4164 /* maxmspsdk.xcconfig in Resources */,
			);
			runOnlyForDeploymentPostprocessing = 0;
		};
/* End PBXResourcesBuildPhase section */

/* Begin PBXRezBuildPhase section */
		2FBBEADF08F335360078DB84 /* Rez */ = {
			isa = PBXRezBuildPhase;
			buildActionMask = 2147483647;
			files = (
			);
			runOnlyForDeploymentPostprocessing = 0;
		};
/* End PBXRezBuildPhase section */

/* Begin PBXSourcesBuildPhase section */
		2FBBEADA08F335360078DB84 /* Sources */ = {
			isa = PBXSourcesBuildPhase;
			buildActionMask = 2147483647;
			files = (
				22CF115E0EE9A6F40054F513 /* jsusfx_max.cpp in Sources */,
				22922AD30F38D67900B1EFEA /* commonsyms.c in Sources */,
				385AA8A4198685B8004F4164 /* fft.c in Sources */,
				385AA8AC198685C8004F4164 /* nseel-caltab.c in Sources */,
				385AA8AD198685C8004F4164 /* nseel-cfunc.c in Sources */,
				385AA8AE198685C8004F4164 /* nseel-compiler.c in Sources */,
				385AA8AF198685C8004F4164 /* nseel-eval.c in Sources */,
				385AA8B0198685C8004F4164 /* nseel-lextab.c in Sources */,
				385AA8B1198685C8004F4164 /* nseel-ram.c in Sources */,
				385AA8B2198685C8004F4164 /* nseel-yylex.c in Sources */,
				385AA8B519868709004F4164 /* jsusfx.cpp in Sources */,
			);
			runOnlyForDeploymentPostprocessing = 0;
		};
/* End PBXSourcesBuildPhase section */

/* Begin XCBuildConfiguration section */
		2FBBEAD008F335010078DB84 /* Development */ = {
			isa = XCBuildConfiguration;
			buildSettings = {
			};
			name = Development;
		};
		2FBBEAD108F335010078DB84 /* Deployment */ = {
			isa = XCBuildConfiguration;
			buildSettings = {
			};
			name = Deployment;
		};
		2FBBEAE108F335360078DB84 /* Development */ = {
			isa = XCBuildConfiguration;
			baseConfigurationReference = 22CF10220EE984600054F513 /* maxmspsdk.xcconfig */;
			buildSettings = {
				COMBINE_HIDPI_IMAGES = YES;
				COPY_PHASE_STRIP = NO;
				FRAMEWORK_SEARCH_PATHS = (
					"$(inherited)",
					"\"$(SRCROOT)/../../../c74support/msp-includes\"",
				);
				GCC_OPTIMIZATION_LEVEL = 0;
				OTHER_LDFLAGS = "$(C74_SYM_LINKER_FLAGS)";
			};
			name = Development;
		};
		2FBBEAE208F335360078DB84 /* Deployment */ = {
			isa = XCBuildConfiguration;
			baseConfigurationReference = 22CF10220EE984600054F513 /* maxmspsdk.xcconfig */;
			buildSettings = {
				COMBINE_HIDPI_IMAGES = YES;
				COPY_PHASE_STRIP = YES;
				FRAMEWORK_SEARCH_PATHS = (
					"$(inherited)",
					"\"$(SRCROOT)/../../../c74support/msp-includes\"",
				);
				OTHER_LDFLAGS = "$(C74_SYM_LINKER_FLAGS)";
			};
			name = Deployment;
		};
/* End XCBuildConfiguration section */

/* Begin XCConfigurationList section */
		2FBBEACF08F335010078DB84 /* Build configuration list for PBXProject "jsusfx~" */ = {
			isa = XCConfigurationList;
			buildConfigurations = (
				2FBBEAD008F335010078DB84 /* Development */,
				2FBBEAD108F335010078DB84 /* Deployment */,
			);
			defaultConfigurationIsVisible = 0;
			defaultConfigurationName = Development;
		};
		2FBBEAE008F335360078DB84 /* Build configuration list for PBXNativeTarget "max-external" */ = {
			isa = XCConfigurationList;
			buildConfigurations = (
				2FBBEAE108F335360078DB84 /* Development */,
				2FBBEAE208F335360078DB84 /* Deployment */,
			);
			defaultConfigurationIsVisible = 0;
			defaultConfigurationName = Development;
		};
/* End XCConfigurationList section */
	};
	rootObject = 089C1669FE841209C02AAC07 /* Project object */;
}
